
Microsoft Visual Studio Solution File, Format Version 12.00
# Visual Studio Version 17
VisualStudioVersion = 17.9.34728.123
MinimumVisualStudioVersion = 10.0.40219.1
Project("{9A19103F-16F7-4668-BE54-9A1E7A4F7556}") = "NewsletterProvider", "NewsletterProvider\NewsletterProvider.csproj", "{30ED348E-49DE-4747-8CD6-AD6C0D6421BD}"
EndProject
Project("{9A19103F-16F7-4668-BE54-9A1E7A4F7556}") = "Data", "Data\Data.csproj", "{4EBB5E45-D402-4C7B-91A0-FF5846E8BEA8}"
EndProject
Global
	GlobalSection(SolutionConfigurationPlatforms) = preSolution
		Debug|Any CPU = Debug|Any CPU
		Release|Any CPU = Release|Any CPU
	EndGlobalSection
	GlobalSection(ProjectConfigurationPlatforms) = postSolution
		{30ED348E-49DE-4747-8CD6-AD6C0D6421BD}.Debug|Any CPU.ActiveCfg = Debug|Any CPU
		{30ED348E-49DE-4747-8CD6-AD6C0D6421BD}.Debug|Any CPU.Build.0 = Debug|Any CPU
		{30ED348E-49DE-4747-8CD6-AD6C0D6421BD}.Release|Any CPU.ActiveCfg = Release|Any CPU
		{30ED348E-49DE-4747-8CD6-AD6C0D6421BD}.Release|Any CPU.Build.0 = Release|Any CPU
		{4EBB5E45-D402-4C7B-91A0-FF5846E8BEA8}.Debug|Any CPU.ActiveCfg = Debug|Any CPU
		{4EBB5E45-D402-4C7B-91A0-FF5846E8BEA8}.Debug|Any CPU.Build.0 = Debug|Any CPU
		{4EBB5E45-D402-4C7B-91A0-FF5846E8BEA8}.Release|Any CPU.ActiveCfg = Release|Any CPU
		{4EBB5E45-D402-4C7B-91A0-FF5846E8BEA8}.Release|Any CPU.Build.0 = Release|Any CPU
	EndGlobalSection
	GlobalSection(SolutionProperties) = preSolution
		HideSolutionNode = FALSE
	EndGlobalSection
	GlobalSection(ExtensibilityGlobals) = postSolution
		SolutionGuid = {F684AA40-CC01-4E5E-AA1C-A0A11A4C0902}
	EndGlobalSection
EndGlobal
